// !$*UTF8*$!
{
	archiveVersion = 1;
	classes = {
	};
	objectVersion = 55;
	objects = {

/* Begin PBXBuildFile section */
		9C0DF16127FACDD800EC25C4 /* AppDelegate.swift in Sources */ = {isa = PBXBuildFile; fileRef = 9C0DF16027FACDD800EC25C4 /* AppDelegate.swift */; };
		9C0DF16327FACDD800EC25C4 /* SceneDelegate.swift in Sources */ = {isa = PBXBuildFile; fileRef = 9C0DF16227FACDD800EC25C4 /* SceneDelegate.swift */; };
		9C0DF16527FACDD800EC25C4 /* ViewController.swift in Sources */ = {isa = PBXBuildFile; fileRef = 9C0DF16427FACDD800EC25C4 /* ViewController.swift */; };
		9C0DF16827FACDD800EC25C4 /* Main.storyboard in Resources */ = {isa = PBXBuildFile; fileRef = 9C0DF16627FACDD800EC25C4 /* Main.storyboard */; };
		9C0DF16A27FACDD900EC25C4 /* Assets.xcassets in Resources */ = {isa = PBXBuildFile; fileRef = 9C0DF16927FACDD900EC25C4 /* Assets.xcassets */; };
		9C0DF16D27FACDD900EC25C4 /* LaunchScreen.storyboard in Resources */ = {isa = PBXBuildFile; fileRef = 9C0DF16B27FACDD900EC25C4 /* LaunchScreen.storyboard */; };
		9C0DF17527FACE2D00EC25C4 /* CatagoryCollectionViewCell.swift in Sources */ = {isa = PBXBuildFile; fileRef = 9C0DF17427FACE2D00EC25C4 /* CatagoryCollectionViewCell.swift */; };
		9C0DF17727FACE3500EC25C4 /* feedbackCollectionViewCell.swift in Sources */ = {isa = PBXBuildFile; fileRef = 9C0DF17627FACE3500EC25C4 /* feedbackCollectionViewCell.swift */; };
		9C0DF17927FACE3B00EC25C4 /* orgpackingCollectionViewCell.swift in Sources */ = {isa = PBXBuildFile; fileRef = 9C0DF17827FACE3B00EC25C4 /* orgpackingCollectionViewCell.swift */; };
		9C0DF17B27FACE5600EC25C4 /* OrganizerInfoVC.swift in Sources */ = {isa = PBXBuildFile; fileRef = 9C0DF17A27FACE5600EC25C4 /* OrganizerInfoVC.swift */; };
/* End PBXBuildFile section */

/* Begin PBXFileReference section */
		9C0DF15D27FACDD800EC25C4 /* Eventapp.app */ = {isa = PBXFileReference; explicitFileType = wrapper.application; includeInIndex = 0; path = Eventapp.app; sourceTree = BUILT_PRODUCTS_DIR; };
		9C0DF16027FACDD800EC25C4 /* AppDelegate.swift */ = {isa = PBXFileReference; lastKnownFileType = sourcecode.swift; path = AppDelegate.swift; sourceTree = "<group>"; };
		9C0DF16227FACDD800EC25C4 /* SceneDelegate.swift */ = {isa = PBXFileReference; lastKnownFileType = sourcecode.swift; path = SceneDelegate.swift; sourceTree = "<group>"; };
		9C0DF16427FACDD800EC25C4 /* ViewController.swift */ = {isa = PBXFileReference; lastKnownFileType = sourcecode.swift; path = ViewController.swift; sourceTree = "<group>"; };
		9C0DF16727FACDD800EC25C4 /* Base */ = {isa = PBXFileReference; lastKnownFileType = file.storyboard; name = Base; path = Base.lproj/Main.storyboard; sourceTree = "<group>"; };
		9C0DF16927FACDD900EC25C4 /* Assets.xcassets */ = {isa = PBXFileReference; lastKnownFileType = folder.assetcatalog; path = Assets.xcassets; sourceTree = "<group>"; };
		9C0DF16C27FACDD900EC25C4 /* Base */ = {isa = PBXFileReference; lastKnownFileType = file.storyboard; name = Base; path = Base.lproj/LaunchScreen.storyboard; sourceTree = "<group>"; };
		9C0DF16E27FACDD900EC25C4 /* Info.plist */ = {isa = PBXFileReference; lastKnownFileType = text.plist.xml; path = Info.plist; sourceTree = "<group>"; };
		9C0DF17427FACE2D00EC25C4 /* CatagoryCollectionViewCell.swift */ = {isa = PBXFileReference; fileEncoding = 4; lastKnownFileType = sourcecode.swift; name = CatagoryCollectionViewCell.swift; path = ../../MiniChallenge3/MiniChallenge3/Cells/CatagoryCollectionViewCell.swift; sourceTree = "<group>"; };
		9C0DF17627FACE3500EC25C4 /* feedbackCollectionViewCell.swift */ = {isa = PBXFileReference; fileEncoding = 4; lastKnownFileType = sourcecode.swift; name = feedbackCollectionViewCell.swift; path = ../../MiniChallenge3/MiniChallenge3/Cells/feedbackCollectionViewCell.swift; sourceTree = "<group>"; };
		9C0DF17827FACE3B00EC25C4 /* orgpackingCollectionViewCell.swift */ = {isa = PBXFileReference; fileEncoding = 4; lastKnownFileType = sourcecode.swift; name = orgpackingCollectionViewCell.swift; path = ../../MiniChallenge3/MiniChallenge3/Cells/orgpackingCollectionViewCell.swift; sourceTree = "<group>"; };
		9C0DF17A27FACE5600EC25C4 /* OrganizerInfoVC.swift */ = {isa = PBXFileReference; fileEncoding = 4; lastKnownFileType = sourcecode.swift; name = OrganizerInfoVC.swift; path = ../../MiniChallenge3/MiniChallenge3/ViewControllers/OrganizerInfoVC.swift; sourceTree = "<group>"; };
/* End PBXFileReference section */

/* Begin PBXFrameworksBuildPhase section */
		9C0DF15A27FACDD800EC25C4 /* Frameworks */ = {
			isa = PBXFrameworksBuildPhase;
			buildActionMask = 2147483647;
			files = (
			);
			runOnlyForDeploymentPostprocessing = 0;
		};
/* End PBXFrameworksBuildPhase section */

/* Begin PBXGroup section */
		9C0DF15427FACDD800EC25C4 = {
			isa = PBXGroup;
			children = (
				9C0DF15F27FACDD800EC25C4 /* Eventapp */,
				9C0DF15E27FACDD800EC25C4 /* Products */,
			);
			sourceTree = "<group>";
		};
		9C0DF15E27FACDD800EC25C4 /* Products */ = {
			isa = PBXGroup;
			children = (
				9C0DF15D27FACDD800EC25C4 /* Eventapp.app */,
			);
			name = Products;
			sourceTree = "<group>";
		};
		9C0DF15F27FACDD800EC25C4 /* Eventapp */ = {
			isa = PBXGroup;
			children = (
				9C0DF17A27FACE5600EC25C4 /* OrganizerInfoVC.swift */,
				9C0DF17427FACE2D00EC25C4 /* CatagoryCollectionViewCell.swift */,
				9C0DF17627FACE3500EC25C4 /* feedbackCollectionViewCell.swift */,
				9C0DF17827FACE3B00EC25C4 /* orgpackingCollectionViewCell.swift */,
				9C0DF16027FACDD800EC25C4 /* AppDelegate.swift */,
				9C0DF16227FACDD800EC25C4 /* SceneDelegate.swift */,
				9C0DF16427FACDD800EC25C4 /* ViewController.swift */,
				9C0DF16627FACDD800EC25C4 /* Main.storyboard */,
				9C0DF16927FACDD900EC25C4 /* Assets.xcassets */,
				9C0DF16B27FACDD900EC25C4 /* LaunchScreen.storyboard */,
				9C0DF16E27FACDD900EC25C4 /* Info.plist */,
			);
			path = Eventapp;
			sourceTree = "<group>";
		};
/* End PBXGroup section */

/* Begin PBXNativeTarget section */
		9C0DF15C27FACDD800EC25C4 /* Eventapp */ = {
			isa = PBXNativeTarget;
			buildConfigurationList = 9C0DF17127FACDD900EC25C4 /* Build configuration list for PBXNativeTarget "Eventapp" */;
			buildPhases = (
				9C0DF15927FACDD800EC25C4 /* Sources */,
				9C0DF15A27FACDD800EC25C4 /* Frameworks */,
				9C0DF15B27FACDD800EC25C4 /* Resources */,
			);
			buildRules = (
			);
			dependencies = (
			);
			name = Eventapp;
			productName = Eventapp;
			productReference = 9C0DF15D27FACDD800EC25C4 /* Eventapp.app */;
			productType = "com.apple.product-type.application";
		};
/* End PBXNativeTarget section */

/* Begin PBXProject section */
		9C0DF15527FACDD800EC25C4 /* Project object */ = {
			isa = PBXProject;
			attributes = {
				BuildIndependentTargetsInParallel = 1;
				LastSwiftUpdateCheck = 1330;
				LastUpgradeCheck = 1330;
				TargetAttributes = {
					9C0DF15C27FACDD800EC25C4 = {
						CreatedOnToolsVersion = 13.3;
					};
				};
			};
			buildConfigurationList = 9C0DF15827FACDD800EC25C4 /* Build configuration list for PBXProject "Eventapp" */;
			compatibilityVersion = "Xcode 13.0";
			developmentRegion = en;
			hasScannedForEncodings = 0;
			knownRegions = (
				en,
				Base,
			);
			mainGroup = 9C0DF15427FACDD800EC25C4;
			productRefGroup = 9C0DF15E27FACDD800EC25C4 /* Products */;
			projectDirPath = "";
			projectRoot = "";
			targets = (
				9C0DF15C27FACDD800EC25C4 /* Eventapp */,
			);
		};
/* End PBXProject section */

/* Begin PBXResourcesBuildPhase section */
		9C0DF15B27FACDD800EC25C4 /* Resources */ = {
			isa = PBXResourcesBuildPhase;
			buildActionMask = 2147483647;
			files = (
				9C0DF16D27FACDD900EC25C4 /* LaunchScreen.storyboard in Resources */,
				9C0DF16A27FACDD900EC25C4 /* Assets.xcassets in Resources */,
				9C0DF16827FACDD800EC25C4 /* Main.storyboard in Resources */,
			);
			runOnlyForDeploymentPostprocessing = 0;
		};
/* End PBXResourcesBuildPhase section */

/* Begin PBXSourcesBuildPhase section */
		9C0DF15927FACDD800EC25C4 /* Sources */ = {
			isa = PBXSourcesBuildPhase;
			buildActionMask = 2147483647;
			files = (
				9C0DF17727FACE3500EC25C4 /* feedbackCollectionViewCell.swift in Sources */,
				9C0DF17527FACE2D00EC25C4 /* CatagoryCollectionViewCell.swift in Sources */,
				9C0DF16527FACDD800EC25C4 /* ViewController.swift in Sources */,
				9C0DF16127FACDD800EC25C4 /* AppDelegate.swift in Sources */,
				9C0DF16327FACDD800EC25C4 /* SceneDelegate.swift in Sources */,
				9C0DF17927FACE3B00EC25C4 /* orgpackingCollectionViewCell.swift in Sources */,
				9C0DF17B27FACE5600EC25C4 /* OrganizerInfoVC.swift in Sources */,
			);
			runOnlyForDeploymentPostprocessing = 0;
		};
/* End PBXSourcesBuildPhase section */

/* Begin PBXVariantGroup section */
		9C0DF16627FACDD800EC25C4 /* Main.storyboard */ = {
			isa = PBXVariantGroup;
			children = (
				9C0DF16727FACDD800EC25C4 /* Base */,
			);
			name = Main.storyboard;
			sourceTree = "<group>";
		};
		9C0DF16B27FACDD900EC25C4 /* LaunchScreen.storyboard */ = {
			isa = PBXVariantGroup;
			children = (
				9C0DF16C27FACDD900EC25C4 /* Base */,
			);
			name = LaunchScreen.storyboard;
			sourceTree = "<group>";
		};
/* End PBXVariantGroup section */

/* Begin XCBuildConfiguration section */
		9C0DF16F27FACDD900EC25C4 /* Debug */ = {
			isa = XCBuildConfiguration;
			buildSettings = {
				ALWAYS_SEARCH_USER_PATHS = NO;
				CLANG_ANALYZER_NONNULL = YES;
				CLANG_ANALYZER_NUMBER_OBJECT_CONVERSION = YES_AGGRESSIVE;
				CLANG_CXX_LANGUAGE_STANDARD = "gnu++17";
				CLANG_ENABLE_MODULES = YES;
				CLANG_ENABLE_OBJC_ARC = YES;
				CLANG_ENABLE_OBJC_WEAK = YES;
				CLANG_WARN_BLOCK_CAPTURE_AUTORELEASING = YES;
				CLANG_WARN_BOOL_CONVERSION = YES;
				CLANG_WARN_COMMA = YES;
				CLANG_WARN_CONSTANT_CONVERSION = YES;
				CLANG_WARN_DEPRECATED_OBJC_IMPLEMENTATIONS = YES;
				CLANG_WARN_DIRECT_OBJC_ISA_USAGE = YES_ERROR;
				CLANG_WARN_DOCUMENTATION_COMMENTS = YES;
				CLANG_WARN_EMPTY_BODY = YES;
				CLANG_WARN_ENUM_CONVERSION = YES;
				CLANG_WARN_INFINITE_RECURSION = YES;
				CLANG_WARN_INT_CONVERSION = YES;
				CLANG_WARN_NON_LITERAL_NULL_CONVERSION = YES;
				CLANG_WARN_OBJC_IMPLICIT_RETAIN_SELF = YES;
				CLANG_WARN_OBJC_LITERAL_CONVERSION = YES;
				CLANG_WARN_OBJC_ROOT_CLASS = YES_ERROR;
				CLANG_WARN_QUOTED_INCLUDE_IN_FRAMEWORK_HEADER = YES;
				CLANG_WARN_RANGE_LOOP_ANALYSIS = YES;
				CLANG_WARN_STRICT_PROTOTYPES = YES;
				CLANG_WARN_SUSPICIOUS_MOVE = YES;
				CLANG_WARN_UNGUARDED_AVAILABILITY = YES_AGGRESSIVE;
				CLANG_WARN_UNREACHABLE_CODE = YES;
				CLANG_WARN__DUPLICATE_METHOD_MATCH = YES;
				COPY_PHASE_STRIP = NO;
				DEBUG_INFORMATION_FORMAT = dwarf;
				ENABLE_STRICT_OBJC_MSGSEND = YES;
				ENABLE_TESTABILITY = YES;
				GCC_C_LANGUAGE_STANDARD = gnu11;
				GCC_DYNAMIC_NO_PIC = NO;
				GCC_NO_COMMON_BLOCKS = YES;
				GCC_OPTIMIZATION_LEVEL = 0;
				GCC_PREPROCESSOR_DEFINITIONS = (
					"DEBUG=1",
					"$(inherited)",
				);
				GCC_WARN_64_TO_32_BIT_CONVERSION = YES;
				GCC_WARN_ABOUT_RETURN_TYPE = YES_ERROR;
				GCC_WARN_UNDECLARED_SELECTOR = YES;
				GCC_WARN_UNINITIALIZED_AUTOS = YES_AGGRESSIVE;
				GCC_WARN_UNUSED_FUNCTION = YES;
				GCC_WARN_UNUSED_VARIABLE = YES;
				IPHONEOS_DEPLOYMENT_TARGET = 15.4;
				MTL_ENABLE_DEBUG_INFO = INCLUDE_SOURCE;
				MTL_FAST_MATH = YES;
				ONLY_ACTIVE_ARCH = YES;
				SDKROOT = iphoneos;
				SWIFT_ACTIVE_COMPILATION_CONDITIONS = DEBUG;
				SWIFT_OPTIMIZATION_LEVEL = "-Onone";
			};
			name = Debug;
		};
		9C0DF17027FACDD900EC25C4 /* Release */ = {
			isa = XCBuildConfiguration;
			buildSettings = {
				ALWAYS_SEARCH_USER_PATHS = NO;
				CLANG_ANALYZER_NONNULL = YES;
				CLANG_ANALYZER_NUMBER_OBJECT_CONVERSION = YES_AGGRESSIVE;
				CLANG_CXX_LANGUAGE_STANDARD = "gnu++17";
				CLANG_ENABLE_MODULES = YES;
				CLANG_ENABLE_OBJC_ARC = YES;
				CLANG_ENABLE_OBJC_WEAK = YES;
				CLANG_WARN_BLOCK_CAPTURE_AUTORELEASING = YES;
				CLANG_WARN_BOOL_CONVERSION = YES;
				CLANG_WARN_COMMA = YES;
				CLANG_WARN_CONSTANT_CONVERSION = YES;
				CLANG_WARN_DEPRECATED_OBJC_IMPLEMENTATIONS = YES;
				CLANG_WARN_DIRECT_OBJC_ISA_USAGE = YES_ERROR;
				CLANG_WARN_DOCUMENTATION_COMMENTS = YES;
				CLANG_WARN_EMPTY_BODY = YES;
				CLANG_WARN_ENUM_CONVERSION = YES;
				CLANG_WARN_INFINITE_RECURSION = YES;
				CLANG_WARN_INT_CONVERSION = YES;
				CLANG_WARN_NON_LITERAL_NULL_CONVERSION = YES;
				CLANG_WARN_OBJC_IMPLICIT_RETAIN_SELF = YES;
				CLANG_WARN_OBJC_LITERAL_CONVERSION = YES;
				CLANG_WARN_OBJC_ROOT_CLASS = YES_ERROR;
				CLANG_WARN_QUOTED_INCLUDE_IN_FRAMEWORK_HEADER = YES;
				CLANG_WARN_RANGE_LOOP_ANALYSIS = YES;
				CLANG_WARN_STRICT_PROTOTYPES = YES;
				CLANG_WARN_SUSPICIOUS_MOVE = YES;
				CLANG_WARN_UNGUARDED_AVAILABILITY = YES_AGGRESSIVE;
				CLANG_WARN_UNREACHABLE_CODE = YES;
				CLANG_WARN__DUPLICATE_METHOD_MATCH = YES;
				COPY_PHASE_STRIP = NO;
				DEBUG_INFORMATION_FORMAT = "dwarf-with-dsym";
				ENABLE_NS_ASSERTIONS = NO;
				ENABLE_STRICT_OBJC_MSGSEND = YES;
				GCC_C_LANGUAGE_STANDARD = gnu11;
				GCC_NO_COMMON_BLOCKS = YES;
				GCC_WARN_64_TO_32_BIT_CONVERSION = YES;
				GCC_WARN_ABOUT_RETURN_TYPE = YES_ERROR;
				GCC_WARN_UNDECLARED_SELECTOR = YES;
				GCC_WARN_UNINITIALIZED_AUTOS = YES_AGGRESSIVE;
				GCC_WARN_UNUSED_FUNCTION = YES;
				GCC_WARN_UNUSED_VARIABLE = YES;
				IPHONEOS_DEPLOYMENT_TARGET = 15.4;
				MTL_ENABLE_DEBUG_INFO = NO;
				MTL_FAST_MATH = YES;
				SDKROOT = iphoneos;
				SWIFT_COMPILATION_MODE = wholemodule;
				SWIFT_OPTIMIZATION_LEVEL = "-O";
				VALIDATE_PRODUCT = YES;
			};
			name = Release;
		};
		9C0DF17227FACDD900EC25C4 /* Debug */ = {
			isa = XCBuildConfiguration;
			buildSettings = {
				ASSETCATALOG_COMPILER_APPICON_NAME = AppIcon;
				ASSETCATALOG_COMPILER_GLOBAL_ACCENT_COLOR_NAME = AccentColor;
				CODE_SIGN_STYLE = Automatic;
				CURRENT_PROJECT_VERSION = 1;
				DEVELOPMENT_TEAM = H53FYM3LDP;
				GENERATE_INFOPLIST_FILE = YES;
				INFOPLIST_FILE = Eventapp/Info.plist;
				INFOPLIST_KEY_UIApplicationSupportsIndirectInputEvents = YES;
				INFOPLIST_KEY_UILaunchStoryboardName = LaunchScreen;
				INFOPLIST_KEY_UIMainStoryboardFile = Main;
				INFOPLIST_KEY_UISupportedInterfaceOrientations_iPad = "UIInterfaceOrientationPortrait UIInterfaceOrientationPortraitUpsideDown UIInterfaceOrientationLandscapeLeft UIInterfaceOrientationLandscapeRight";
				INFOPLIST_KEY_UISupportedInterfaceOrientations_iPhone = "UIInterfaceOrientationPortrait UIInterfaceOrientationLandscapeLeft UIInterfaceOrientationLandscapeRight";
				LD_RUNPATH_SEARCH_PATHS = (
					"$(inherited)",
					"@executable_path/Frameworks",
				);
				MARKETING_VERSION = 1.0;
				PRODUCT_BUNDLE_IDENTIFIER = sa.adatwq.Eventapp;
				PRODUCT_NAME = "$(TARGET_NAME)";
				SWIFT_EMIT_LOC_STRINGS = YES;
				SWIFT_VERSION = 5.0;
				TARGETED_DEVICE_FAMILY = "1,2";
			};
			name = Debug;
		};
		9C0DF17327FACDD900EC25C4 /* Release */ = {
			isa = XCBuildConfiguration;
			buildSettings = {
				ASSETCATALOG_COMPILER_APPICON_NAME = AppIcon;
				ASSETCATALOG_COMPILER_GLOBAL_ACCENT_COLOR_NAME = AccentColor;
				CODE_SIGN_STYLE = Automatic;
				CURRENT_PROJECT_VERSION = 1;
				DEVELOPMENT_TEAM = H53FYM3LDP;
				GENERATE_INFOPLIST_FILE = YES;
				INFOPLIST_FILE = Eventapp/Info.plist;
				INFOPLIST_KEY_UIApplicationSupportsIndirectInputEvents = YES;
				INFOPLIST_KEY_UILaunchStoryboardName = LaunchScreen;
				INFOPLIST_KEY_UIMainStoryboardFile = Main;
				INFOPLIST_KEY_UISupportedInterfaceOrientations_iPad = "UIInterfaceOrientationPortrait UIInterfaceOrientationPortraitUpsideDown UIInterfaceOrientationLandscapeLeft UIInterfaceOrientationLandscapeRight";
				INFOPLIST_KEY_UISupportedInterfaceOrientations_iPhone = "UIInterfaceOrientationPortrait UIInterfaceOrientationLandscapeLeft UIInterfaceOrientationLandscapeRight";
				LD_RUNPATH_SEARCH_PATHS = (
					"$(inherited)",
					"@executable_path/Frameworks",
				);
				MARKETING_VERSION = 1.0;
				PRODUCT_BUNDLE_IDENTIFIER = sa.adatwq.Eventapp;
				PRODUCT_NAME = "$(TARGET_NAME)";
				SWIFT_EMIT_LOC_STRINGS = YES;
				SWIFT_VERSION = 5.0;
				TARGETED_DEVICE_FAMILY = "1,2";
			};
			name = Release;
		};
/* End XCBuildConfiguration section */

/* Begin XCConfigurationList section */
		9C0DF15827FACDD800EC25C4 /* Build configuration list for PBXProject "Eventapp" */ = {
			isa = XCConfigurationList;
			buildConfigurations = (
				9C0DF16F27FACDD900EC25C4 /* Debug */,
				9C0DF17027FACDD900EC25C4 /* Release */,
			);
			defaultConfigurationIsVisible = 0;
			defaultConfigurationName = Release;
		};
		9C0DF17127FACDD900EC25C4 /* Build configuration list for PBXNativeTarget "Eventapp" */ = {
			isa = XCConfigurationList;
			buildConfigurations = (
				9C0DF17227FACDD900EC25C4 /* Debug */,
				9C0DF17327FACDD900EC25C4 /* Release */,
			);
			defaultConfigurationIsVisible = 0;
			defaultConfigurationName = Release;
		};
/* End XCConfigurationList section */
	};
	rootObject = 9C0DF15527FACDD800EC25C4 /* Project object */;
}
